{
  "name": "state-of-ai-in-design-systems",
  "version": "1.0.0",
  "lockfileVersion": 3,
  "requires": true,
  "packages": {
    "": {
      "name": "state-of-ai-in-design-systems",
      "version": "1.0.0",
      "dependencies": {
        "@modelcontextprotocol/server": "2.0.0-beta.5"
      },
      "engines": {
        "node": ">=20"
      }
    },
    "node_modules/@modelcontextprotocol/core": {
      "version": "2.0.0-beta.5",
      "resolved": "https://registry.npmjs.org/@modelcontextprotocol/core/-/core-2.0.0-beta.5.tgz",
      "integrity": "sha512-HKbY9XTbsDy1Y6r2I55TGE3JEapM0vg96e1MUmBIF9LGjos5gjhcIrTz1yvBPLg2aFKHjwhUAQfRdrCEnPxNew==",
      "license": "MIT",
      "dependencies": {
        "zod": "^4.2.0"
      },
      "engines": {
        "node": ">=20"
      }
    },
    "node_modules/@modelcontextprotocol/server": {
      "version": "2.0.0-beta.5",
      "resolved": "https://registry.npmjs.org/@modelcontextprotocol/server/-/server-2.0.0-beta.5.tgz",
      "integrity": "sha512-i1E5l75rQKsgY/AKAIspgMBH1vEL7dqiK7tHr0L+raYcb0SWOziqNGJXGIG6NY4AlXDWIKGJQGB7Nqfs3oUi5g==",
      "license": "MIT",
      "dependencies": {
        "@modelcontextprotocol/core": "2.0.0-beta.5",
        "zod": "^4.2.0"
      },
      "engines": {
        "node": ">=20"
      }
    },
    "node_modules/zod": {
      "version": "4.4.3",
      "resolved": "https://registry.npmjs.org/zod/-/zod-4.4.3.tgz",
      "integrity": "sha512-ytENFjIJFl2UwYglde2jchW2Hwm4GJFLDiSXWdTrJQBIN9Fcyp7n4DhxJEiWNAJMV1/BqWfW/kkg71UDcHJyTQ==",
      "license": "MIT",
      "funding": {
        "url": "https://github.com/sponsors/colinhacks"
      }
    }
  }
}
